// !$*UTF8*$!
{
	archiveVersion = 1;
	classes = {
	};
	objectVersion = 46;
	objects = {

/* Begin PBXBuildFile section */
		B008DBEB1951FDFC00C0CB3E /* example.cpp in Sources */ = {isa = PBXBuildFile; fileRef = B008DBE51951FDFC00C0CB3E /* example.cpp */; settings = {COMPILER_FLAGS = "-w"; }; };
		B008DBEC1951FDFC00C0CB3E /* GCoptimization.cpp in Sources */ = {isa = PBXBuildFile; fileRef = B008DBE61951FDFC00C0CB3E /* GCoptimization.cpp */; };
		B008DBED1951FDFC00C0CB3E /* graph.cpp in Sources */ = {isa = PBXBuildFile; fileRef = B008DBE81951FDFC00C0CB3E /* graph.cpp */; };
		B008DBEE1951FDFC00C0CB3E /* maxflow.cpp in Sources */ = {isa = PBXBuildFile; fileRef = B008DBEA1951FDFC00C0CB3E /* maxflow.cpp */; };
		B008DBF11951FE5E00C0CB3E /* LinkedBlockList.cpp in Sources */ = {isa = PBXBuildFile; fileRef = B008DBEF1951FE5E00C0CB3E /* LinkedBlockList.cpp */; };
		B008DBF5195213FA00C0CB3E /* libopencv_core.2.4.6.dylib in Frameworks */ = {isa = PBXBuildFile; fileRef = B008DBF4195213FA00C0CB3E /* libopencv_core.2.4.6.dylib */; };
		B008DBF71952141400C0CB3E /* libopencv_highgui.2.4.6.dylib in Frameworks */ = {isa = PBXBuildFile; fileRef = B008DBF61952141400C0CB3E /* libopencv_highgui.2.4.6.dylib */; };
		B008DBF91952247C00C0CB3E /* libopencv_imgproc.2.4.6.dylib in Frameworks */ = {isa = PBXBuildFile; fileRef = B008DBF81952247C00C0CB3E /* libopencv_imgproc.2.4.6.dylib */; };
		B08D09B119C1DA7900EB4134 /* Configuration.cpp in Sources */ = {isa = PBXBuildFile; fileRef = B08D09AF19C1DA7900EB4134 /* Configuration.cpp */; };
		B096743519970E7700580D10 /* Preprocessing.cpp in Sources */ = {isa = PBXBuildFile; fileRef = B096743419970E7700580D10 /* Preprocessing.cpp */; };
		B0F228791953791D005661C8 /* libopencv_contrib.2.4.6.dylib in Frameworks */ = {isa = PBXBuildFile; fileRef = B0F228781953791D005661C8 /* libopencv_contrib.2.4.6.dylib */; };
		B0FE27BA198951D300F34EA1 /* DataSmoothCost.cpp in Sources */ = {isa = PBXBuildFile; fileRef = B0FE27B9198951D300F34EA1 /* DataSmoothCost.cpp */; settings = {COMPILER_FLAGS = "-w"; }; };
/* End PBXBuildFile section */

/* Begin PBXCopyFilesBuildPhase section */
		B008DBD41951FDE100C0CB3E /* CopyFiles */ = {
			isa = PBXCopyFilesBuildPhase;
			buildActionMask = 2147483647;
			dstPath = /usr/share/man/man1/;
			dstSubfolderSpec = 0;
			files = (
			);
			runOnlyForDeploymentPostprocessing = 1;
		};
/* End PBXCopyFilesBuildPhase section */

/* Begin PBXFileReference section */
		B008DBD61951FDE100C0CB3E /* Graph_Cut */ = {isa = PBXFileReference; explicitFileType = "compiled.mach-o.executable"; includeInIndex = 0; path = Graph_Cut; sourceTree = BUILT_PRODUCTS_DIR; };
		B008DBE31951FDFC00C0CB3E /* block.h */ = {isa = PBXFileReference; fileEncoding = 4; lastKnownFileType = sourcecode.c.h; name = block.h; path = ../../block.h; sourceTree = "<group>"; };
		B008DBE41951FDFC00C0CB3E /* energy.h */ = {isa = PBXFileReference; fileEncoding = 4; lastKnownFileType = sourcecode.c.h; name = energy.h; path = ../../energy.h; sourceTree = "<group>"; };
		B008DBE51951FDFC00C0CB3E /* example.cpp */ = {isa = PBXFileReference; fileEncoding = 4; lastKnownFileType = sourcecode.cpp.cpp; name = example.cpp; path = ../../example.cpp; sourceTree = "<group>"; };
		B008DBE61951FDFC00C0CB3E /* GCoptimization.cpp */ = {isa = PBXFileReference; fileEncoding = 4; lastKnownFileType = sourcecode.cpp.cpp; name = GCoptimization.cpp; path = ../../GCoptimization.cpp; sourceTree = "<group>"; };
		B008DBE71951FDFC00C0CB3E /* GCoptimization.h */ = {isa = PBXFileReference; fileEncoding = 4; lastKnownFileType = sourcecode.c.h; name = GCoptimization.h; path = ../../GCoptimization.h; sourceTree = "<group>"; };
		B008DBE81951FDFC00C0CB3E /* graph.cpp */ = {isa = PBXFileReference; fileEncoding = 4; lastKnownFileType = sourcecode.cpp.cpp; name = graph.cpp; path = ../../graph.cpp; sourceTree = "<group>"; };
		B008DBE91951FDFC00C0CB3E /* graph.h */ = {isa = PBXFileReference; fileEncoding = 4; lastKnownFileType = sourcecode.c.h; name = graph.h; path = ../../graph.h; sourceTree = "<group>"; };
		B008DBEA1951FDFC00C0CB3E /* maxflow.cpp */ = {isa = PBXFileReference; fileEncoding = 4; lastKnownFileType = sourcecode.cpp.cpp; name = maxflow.cpp; path = ../../maxflow.cpp; sourceTree = "<group>"; };
		B008DBEF1951FE5E00C0CB3E /* LinkedBlockList.cpp */ = {isa = PBXFileReference; fileEncoding = 4; lastKnownFileType = sourcecode.cpp.cpp; name = LinkedBlockList.cpp; path = ../../LinkedBlockList.cpp; sourceTree = "<group>"; };
		B008DBF01951FE5E00C0CB3E /* LinkedBlockList.h */ = {isa = PBXFileReference; fileEncoding = 4; lastKnownFileType = sourcecode.c.h; name = LinkedBlockList.h; path = ../../LinkedBlockList.h; sourceTree = "<group>"; };
		B008DBF219520A1F00C0CB3E /* GCO_README.TXT */ = {isa = PBXFileReference; fileEncoding = 4; lastKnownFileType = text; name = GCO_README.TXT; path = ../../GCO_README.TXT; sourceTree = "<group>"; };
		B008DBF4195213FA00C0CB3E /* libopencv_core.2.4.6.dylib */ = {isa = PBXFileReference; lastKnownFileType = "compiled.mach-o.dylib"; name = libopencv_core.2.4.6.dylib; path = ../../../../../../usr/local/Cellar/opencv/2.4.6.1/lib/libopencv_core.2.4.6.dylib; sourceTree = "<group>"; };
		B008DBF61952141400C0CB3E /* libopencv_highgui.2.4.6.dylib */ = {isa = PBXFileReference; lastKnownFileType = "compiled.mach-o.dylib"; name = libopencv_highgui.2.4.6.dylib; path = ../../../../../../usr/local/Cellar/opencv/2.4.6.1/lib/libopencv_highgui.2.4.6.dylib; sourceTree = "<group>"; };
		B008DBF81952247C00C0CB3E /* libopencv_imgproc.2.4.6.dylib */ = {isa = PBXFileReference; lastKnownFileType = "compiled.mach-o.dylib"; name = libopencv_imgproc.2.4.6.dylib; path = ../../../../../../usr/local/Cellar/opencv/2.4.6.1/lib/libopencv_imgproc.2.4.6.dylib; sourceTree = "<group>"; };
		B08D09AF19C1DA7900EB4134 /* Configuration.cpp */ = {isa = PBXFileReference; fileEncoding = 4; lastKnownFileType = sourcecode.cpp.cpp; path = Configuration.cpp; sourceTree = "<group>"; };
		B08D09B019C1DA7900EB4134 /* Configuration.h */ = {isa = PBXFileReference; fileEncoding = 4; lastKnownFileType = sourcecode.c.h; path = Configuration.h; sourceTree = "<group>"; };
		B096743319970D5F00580D10 /* Preprocessing.h */ = {isa = PBXFileReference; lastKnownFileType = sourcecode.c.h; path = Preprocessing.h; sourceTree = "<group>"; };
		B096743419970E7700580D10 /* Preprocessing.cpp */ = {isa = PBXFileReference; fileEncoding = 4; lastKnownFileType = sourcecode.cpp.cpp; path = Preprocessing.cpp; sourceTree = "<group>"; };
		B0F228781953791D005661C8 /* libopencv_contrib.2.4.6.dylib */ = {isa = PBXFileReference; lastKnownFileType = "compiled.mach-o.dylib"; name = libopencv_contrib.2.4.6.dylib; path = ../../../../../../usr/local/Cellar/opencv/2.4.6.1/lib/libopencv_contrib.2.4.6.dylib; sourceTree = "<group>"; };
		B0FE27B719894FCE00F34EA1 /* DataSmoothCost.h */ = {isa = PBXFileReference; lastKnownFileType = sourcecode.c.h; path = DataSmoothCost.h; sourceTree = "<group>"; };
		B0FE27B9198951D300F34EA1 /* DataSmoothCost.cpp */ = {isa = PBXFileReference; fileEncoding = 4; lastKnownFileType = sourcecode.cpp.cpp; path = DataSmoothCost.cpp; sourceTree = "<group>"; };
/* End PBXFileReference section */

/* Begin PBXFrameworksBuildPhase section */
		B008DBD31951FDE100C0CB3E /* Frameworks */ = {
			isa = PBXFrameworksBuildPhase;
			buildActionMask = 2147483647;
			files = (
				B008DBF5195213FA00C0CB3E /* libopencv_core.2.4.6.dylib in Frameworks */,
				B008DBF71952141400C0CB3E /* libopencv_highgui.2.4.6.dylib in Frameworks */,
				B008DBF91952247C00C0CB3E /* libopencv_imgproc.2.4.6.dylib in Frameworks */,
				B0F228791953791D005661C8 /* libopencv_contrib.2.4.6.dylib in Frameworks */,
			);
			runOnlyForDeploymentPostprocessing = 0;
		};
/* End PBXFrameworksBuildPhase section */

/* Begin PBXGroup section */
		B008DBCB1951FDE100C0CB3E = {
			isa = PBXGroup;
			children = (
				B008DBF31952137400C0CB3E /* OpenCV Frameworks */,
				B008DBD91951FDE100C0CB3E /* Graph_Cut */,
				B008DBD71951FDE100C0CB3E /* Products */,
			);
			sourceTree = "<group>";
		};
		B008DBD71951FDE100C0CB3E /* Products */ = {
			isa = PBXGroup;
			children = (
				B008DBD61951FDE100C0CB3E /* Graph_Cut */,
			);
			name = Products;
			sourceTree = "<group>";
		};
		B008DBD91951FDE100C0CB3E /* Graph_Cut */ = {
			isa = PBXGroup;
			children = (
				B008DBF219520A1F00C0CB3E /* GCO_README.TXT */,
				B008DBEF1951FE5E00C0CB3E /* LinkedBlockList.cpp */,
				B008DBF01951FE5E00C0CB3E /* LinkedBlockList.h */,
				B008DBE31951FDFC00C0CB3E /* block.h */,
				B008DBE41951FDFC00C0CB3E /* energy.h */,
				B008DBE51951FDFC00C0CB3E /* example.cpp */,
				B008DBE61951FDFC00C0CB3E /* GCoptimization.cpp */,
				B008DBE71951FDFC00C0CB3E /* GCoptimization.h */,
				B008DBE81951FDFC00C0CB3E /* graph.cpp */,
				B008DBE91951FDFC00C0CB3E /* graph.h */,
				B008DBEA1951FDFC00C0CB3E /* maxflow.cpp */,
				B0FE27B719894FCE00F34EA1 /* DataSmoothCost.h */,
				B0FE27B9198951D300F34EA1 /* DataSmoothCost.cpp */,
				B096743319970D5F00580D10 /* Preprocessing.h */,
				B096743419970E7700580D10 /* Preprocessing.cpp */,
				B08D09AF19C1DA7900EB4134 /* Configuration.cpp */,
				B08D09B019C1DA7900EB4134 /* Configuration.h */,
			);
			path = Graph_Cut;
			sourceTree = "<group>";
		};
		B008DBF31952137400C0CB3E /* OpenCV Frameworks */ = {
			isa = PBXGroup;
			children = (
				B0F228781953791D005661C8 /* libopencv_contrib.2.4.6.dylib */,
				B008DBF81952247C00C0CB3E /* libopencv_imgproc.2.4.6.dylib */,
				B008DBF61952141400C0CB3E /* libopencv_highgui.2.4.6.dylib */,
				B008DBF4195213FA00C0CB3E /* libopencv_core.2.4.6.dylib */,
			);
			name = "OpenCV Frameworks";
			sourceTree = "<group>";
		};
/* End PBXGroup section */

/* Begin PBXNativeTarget section */
		B008DBD51951FDE100C0CB3E /* Graph_Cut */ = {
			isa = PBXNativeTarget;
			buildConfigurationList = B008DBE01951FDE100C0CB3E /* Build configuration list for PBXNativeTarget "Graph_Cut" */;
			buildPhases = (
				B008DBD21951FDE100C0CB3E /* Sources */,
				B008DBD31951FDE100C0CB3E /* Frameworks */,
				B008DBD41951FDE100C0CB3E /* CopyFiles */,
			);
			buildRules = (
			);
			dependencies = (
			);
			name = Graph_Cut;
			productName = Graph_Cut;
			productReference = B008DBD61951FDE100C0CB3E /* Graph_Cut */;
			productType = "com.apple.product-type.tool";
		};
/* End PBXNativeTarget section */

/* Begin PBXProject section */
		B008DBCD1951FDE100C0CB3E /* Project object */ = {
			isa = PBXProject;
			attributes = {
				LastUpgradeCheck = 0450;
				ORGANIZATIONNAME = company;
			};
			buildConfigurationList = B008DBD01951FDE100C0CB3E /* Build configuration list for PBXProject "Graph_Cut" */;
			compatibilityVersion = "Xcode 3.2";
			developmentRegion = English;
			hasScannedForEncodings = 0;
			knownRegions = (
				en,
			);
			mainGroup = B008DBCB1951FDE100C0CB3E;
			productRefGroup = B008DBD71951FDE100C0CB3E /* Products */;
			projectDirPath = "";
			projectRoot = "";
			targets = (
				B008DBD51951FDE100C0CB3E /* Graph_Cut */,
			);
		};
/* End PBXProject section */

/* Begin PBXSourcesBuildPhase section */
		B008DBD21951FDE100C0CB3E /* Sources */ = {
			isa = PBXSourcesBuildPhase;
			buildActionMask = 2147483647;
			files = (
				B008DBEB1951FDFC00C0CB3E /* example.cpp in Sources */,
				B008DBEC1951FDFC00C0CB3E /* GCoptimization.cpp in Sources */,
				B08D09B119C1DA7900EB4134 /* Configuration.cpp in Sources */,
				B008DBED1951FDFC00C0CB3E /* graph.cpp in Sources */,
				B096743519970E7700580D10 /* Preprocessing.cpp in Sources */,
				B008DBEE1951FDFC00C0CB3E /* maxflow.cpp in Sources */,
				B008DBF11951FE5E00C0CB3E /* LinkedBlockList.cpp in Sources */,
				B0FE27BA198951D300F34EA1 /* DataSmoothCost.cpp in Sources */,
			);
			runOnlyForDeploymentPostprocessing = 0;
		};
/* End PBXSourcesBuildPhase section */

/* Begin XCBuildConfiguration section */
		B008DBDE1951FDE100C0CB3E /* Debug */ = {
			isa = XCBuildConfiguration;
			buildSettings = {
				ALWAYS_SEARCH_USER_PATHS = NO;
				ARCHS = "$(ARCHS_STANDARD_64_BIT)";
				CLANG_CXX_LANGUAGE_STANDARD = "gnu++0x";
				CLANG_CXX_LIBRARY = "libstdc++";
				CLANG_ENABLE_OBJC_ARC = YES;
				CLANG_WARN_EMPTY_BODY = YES;
				CLANG_WARN__DUPLICATE_METHOD_MATCH = YES;
				COPY_PHASE_STRIP = NO;
				GCC_C_LANGUAGE_STANDARD = gnu99;
				GCC_DYNAMIC_NO_PIC = NO;
				GCC_ENABLE_OBJC_EXCEPTIONS = YES;
				GCC_OPTIMIZATION_LEVEL = 0;
				GCC_PREPROCESSOR_DEFINITIONS = (
					"DEBUG=1",
					"$(inherited)",
				);
				GCC_SYMBOLS_PRIVATE_EXTERN = NO;
				GCC_WARN_64_TO_32_BIT_CONVERSION = YES;
				GCC_WARN_ABOUT_RETURN_TYPE = YES;
				GCC_WARN_UNINITIALIZED_AUTOS = YES;
				GCC_WARN_UNUSED_VARIABLE = YES;
				HEADER_SEARCH_PATHS = /usr/local/include;
				LIBRARY_SEARCH_PATHS = "";
				MACOSX_DEPLOYMENT_TARGET = 10.8;
				ONLY_ACTIVE_ARCH = YES;
				SDKROOT = macosx;
			};
			name = Debug;
		};
		B008DBDF1951FDE100C0CB3E /* Release */ = {
			isa = XCBuildConfiguration;
			buildSettings = {
				ALWAYS_SEARCH_USER_PATHS = NO;
				ARCHS = "$(ARCHS_STANDARD_64_BIT)";
				CLANG_CXX_LANGUAGE_STANDARD = "gnu++0x";
				CLANG_CXX_LIBRARY = "libstdc++";
				CLANG_ENABLE_OBJC_ARC = YES;
				CLANG_WARN_EMPTY_BODY = YES;
				CLANG_WARN__DUPLICATE_METHOD_MATCH = YES;
				COPY_PHASE_STRIP = YES;
				DEBUG_INFORMATION_FORMAT = "dwarf-with-dsym";
				GCC_C_LANGUAGE_STANDARD = gnu99;
				GCC_ENABLE_OBJC_EXCEPTIONS = YES;
				GCC_WARN_64_TO_32_BIT_CONVERSION = YES;
				GCC_WARN_ABOUT_RETURN_TYPE = YES;
				GCC_WARN_UNINITIALIZED_AUTOS = YES;
				GCC_WARN_UNUSED_VARIABLE = YES;
				HEADER_SEARCH_PATHS = /usr/local/include;
				LIBRARY_SEARCH_PATHS = "";
				MACOSX_DEPLOYMENT_TARGET = 10.8;
				SDKROOT = macosx;
			};
			name = Release;
		};
		B008DBE11951FDE100C0CB3E /* Debug */ = {
			isa = XCBuildConfiguration;
			buildSettings = {
				LIBRARY_SEARCH_PATHS = (
					"$(inherited)",
					/usr/local/Cellar/opencv/2.4.6.1/lib,
				);
				PRODUCT_NAME = "$(TARGET_NAME)";
			};
			name = Debug;
		};
		B008DBE21951FDE100C0CB3E /* Release */ = {
			isa = XCBuildConfiguration;
			buildSettings = {
				LIBRARY_SEARCH_PATHS = (
					"$(inherited)",
					/usr/local/Cellar/opencv/2.4.6.1/lib,
				);
				PRODUCT_NAME = "$(TARGET_NAME)";
			};
			name = Release;
		};
/* End XCBuildConfiguration section */

/* Begin XCConfigurationList section */
		B008DBD01951FDE100C0CB3E /* Build configuration list for PBXProject "Graph_Cut" */ = {
			isa = XCConfigurationList;
			buildConfigurations = (
				B008DBDE1951FDE100C0CB3E /* Debug */,
				B008DBDF1951FDE100C0CB3E /* Release */,
			);
			defaultConfigurationIsVisible = 0;
			defaultConfigurationName = Release;
		};
		B008DBE01951FDE100C0CB3E /* Build configuration list for PBXNativeTarget "Graph_Cut" */ = {
			isa = XCConfigurationList;
			buildConfigurations = (
				B008DBE11951FDE100C0CB3E /* Debug */,
				B008DBE21951FDE100C0CB3E /* Release */,
			);
			defaultConfigurationIsVisible = 0;
			defaultConfigurationName = Release;
		};
/* End XCConfigurationList section */
	};
	rootObject = B008DBCD1951FDE100C0CB3E /* Project object */;
}
